
Microsoft Visual Studio Solution File, Format Version 12.00
# Visual Studio Version 16
VisualStudioVersion = 16.0.30517.126
MinimumVisualStudioVersion = 10.0.40219.1
Project("{9A19103F-16F7-4668-BE54-9A1E7A4F7556}") = "BulkyBook", "BulkyBook\BulkyBook.csproj", "{4A841CF8-CF57-4968-B3F4-39FF2A2BBF03}"
EndProject
Project("{FAE04EC0-301F-11D3-BF4B-00C04F79EFBC}") = "BulkyBook.Models", "BulkyBook.Models\BulkyBook.Models.csproj", "{5C0DB4B6-B826-4CD3-982F-420436B3999C}"
EndProject
Project("{FAE04EC0-301F-11D3-BF4B-00C04F79EFBC}") = "BulkyBook.DataAccess", "BulkyBook.DataAccess\BulkyBook.DataAccess.csproj", "{8D3977D9-D892-4107-A94D-D8BFA0C2058A}"
EndProject
Project("{FAE04EC0-301F-11D3-BF4B-00C04F79EFBC}") = "BulkyBook.Utility", "BulkyBook.Utility\BulkyBook.Utility.csproj", "{03FE63BC-44A5-46D5-B669-C6B57C58069D}"
EndProject
Global
	GlobalSection(SolutionConfigurationPlatforms) = preSolution
		Debug|Any CPU = Debug|Any CPU
		Release|Any CPU = Release|Any CPU
	EndGlobalSection
	GlobalSection(ProjectConfigurationPlatforms) = postSolution
		{4A841CF8-CF57-4968-B3F4-39FF2A2BBF03}.Debug|Any CPU.ActiveCfg = Debug|Any CPU
		{4A841CF8-CF57-4968-B3F4-39FF2A2BBF03}.Debug|Any CPU.Build.0 = Debug|Any CPU
		{4A841CF8-CF57-4968-B3F4-39FF2A2BBF03}.Release|Any CPU.ActiveCfg = Release|Any CPU
		{4A841CF8-CF57-4968-B3F4-39FF2A2BBF03}.Release|Any CPU.Build.0 = Release|Any CPU
		{5C0DB4B6-B826-4CD3-982F-420436B3999C}.Debug|Any CPU.ActiveCfg = Debug|Any CPU
		{5C0DB4B6-B826-4CD3-982F-420436B3999C}.Debug|Any CPU.Build.0 = Debug|Any CPU
		{5C0DB4B6-B826-4CD3-982F-420436B3999C}.Release|Any CPU.ActiveCfg = Release|Any CPU
		{5C0DB4B6-B826-4CD3-982F-420436B3999C}.Release|Any CPU.Build.0 = Release|Any CPU
		{8D3977D9-D892-4107-A94D-D8BFA0C2058A}.Debug|Any CPU.ActiveCfg = Debug|Any CPU
		{8D3977D9-D892-4107-A94D-D8BFA0C2058A}.Debug|Any CPU.Build.0 = Debug|Any CPU
		{8D3977D9-D892-4107-A94D-D8BFA0C2058A}.Release|Any CPU.ActiveCfg = Release|Any CPU
		{8D3977D9-D892-4107-A94D-D8BFA0C2058A}.Release|Any CPU.Build.0 = Release|Any CPU
		{03FE63BC-44A5-46D5-B669-C6B57C58069D}.Debug|Any CPU.ActiveCfg = Debug|Any CPU
		{03FE63BC-44A5-46D5-B669-C6B57C58069D}.Debug|Any CPU.Build.0 = Debug|Any CPU
		{03FE63BC-44A5-46D5-B669-C6B57C58069D}.Release|Any CPU.ActiveCfg = Release|Any CPU
		{03FE63BC-44A5-46D5-B669-C6B57C58069D}.Release|Any CPU.Build.0 = Release|Any CPU
	EndGlobalSection
	GlobalSection(SolutionProperties) = preSolution
		HideSolutionNode = FALSE
	EndGlobalSection
	GlobalSection(ExtensibilityGlobals) = postSolution
		SolutionGuid = {F7688857-51BA-40F8-8BF1-99AAD78F8ED9}
	EndGlobalSection
EndGlobal
